{
  "requires": true,
  "lockfileVersion": 1,
  "dependencies": {
    "@typed/curry": {
      "version": "1.0.1",
      "resolved": "https://registry.npmjs.org/@typed/curry/-/curry-1.0.1.tgz",
      "integrity": "sha1-VV1GJLDL8J4QGUUybTu5/8q6NlU="
    },
    "@typed/hashmap": {
      "version": "1.0.1",
      "resolved": "https://registry.npmjs.org/@typed/hashmap/-/hashmap-1.0.1.tgz",
      "integrity": "sha1-LpI2+UAnI/A0zT+lxaUfSbo8yLQ=",
      "requires": {
        "@typed/curry": "^1.0.1",
        "lodash-es": "^4.17.4"
      }
    },
    "@types/jquery": {
      "version": "2.0.43",
      "resolved": "https://registry.npmjs.org/@types/jquery/-/jquery-2.0.43.tgz",
      "integrity": "sha1-4w2XHVbc4ivw1i4CvUsop//boHY="
    },
    "@types/jquery.contextmenu": {
      "version": "1.7.31",
      "resolved": "https://registry.npmjs.org/@types/jquery.contextmenu/-/jquery.contextmenu-1.7.31.tgz",
      "integrity": "sha1-6c6PNlMyJGR/2uMbc6+8i//WIdI=",
      "requires": {
        "@types/jquery": "*"
      }
    },
    "amdefine": {
      "version": "1.0.1",
      "resolved": "https://registry.npmjs.org/amdefine/-/amdefine-1.0.1.tgz",
      "integrity": "sha1-SlKCrBZHKek2Gbz9OtFR+BfOkfU="
    },
    "arraylist": {
      "version": "0.1.0",
      "resolved": "https://registry.npmjs.org/arraylist/-/arraylist-0.1.0.tgz",
      "integrity": "sha1-dNAWg8MfLb4y2TSqhrpbK23GfaY=",
      "requires": {
        "underscore": "^1.6.0"
      }
    },
    "async": {
      "version": "0.2.10",
      "resolved": "https://registry.npmjs.org/async/-/async-0.2.10.tgz",
      "integrity": "sha1-trvgsGdLnXGXCMo43owjfLUmw9E="
    },
    "coffee-script": {
      "version": "1.12.7",
      "resolved": "https://registry.npmjs.org/coffee-script/-/coffee-script-1.12.7.tgz",
      "integrity": "sha512-fLeEhqwymYat/MpTPUjSKHVYYl0ec2mOyALEMLmzr5i1isuG+6jfI2j2d5oBO3VIzgUXgBVIcOT9uH1TFxBckw=="
    },
    "collectionjs": {
      "version": "0.3.4",
      "resolved": "https://registry.npmjs.org/collectionjs/-/collectionjs-0.3.4.tgz",
      "integrity": "sha1-S1xXcHsl1xKVilLM/cJZRITjdTQ="
    },
    "collectionsts": {
      "version": "1.0.0",
      "resolved": "https://registry.npmjs.org/collectionsts/-/collectionsts-1.0.0.tgz",
      "integrity": "sha1-tF05pQq92Vt368gogbmRn+s4Xtc="
    },
    "encoding": {
      "version": "0.1.12",
      "resolved": "https://registry.npmjs.org/encoding/-/encoding-0.1.12.tgz",
      "integrity": "sha1-U4tm8+5izRq1HsMjgp0flIDHS+s=",
      "requires": {
        "iconv-lite": "~0.4.13"
      }
    },
    "es6-shim": {
      "version": "0.35.3",
      "resolved": "https://registry.npmjs.org/es6-shim/-/es6-shim-0.35.3.tgz",
      "integrity": "sha1-m/tzY/7//4emzbbNk+QF7DxLbyY="
    },
    "eventsource": {
      "version": "0.2.3",
      "resolved": "https://registry.npmjs.org/eventsource/-/eventsource-0.2.3.tgz",
      "integrity": "sha1-MLjyG0DYaWjq7r0ZmpUHLuVLDfM=",
      "requires": {
        "original": "^1.0.0"
      }
    },
    "fetch-everywhere": {
      "version": "1.0.5",
      "resolved": "https://registry.npmjs.org/fetch-everywhere/-/fetch-everywhere-1.0.5.tgz",
      "integrity": "sha1-skl/R6V9kCazkHwJdWrPX0vTTos=",
      "requires": {
        "node-fetch": "^1.0.1",
        "whatwg-fetch": ">=0.10.0"
      }
    },
    "iconv-lite": {
      "version": "0.4.17",
      "resolved": "https://registry.npmjs.org/iconv-lite/-/iconv-lite-0.4.17.tgz",
      "integrity": "sha1-T9qjs4rLwsAxsEXQ7c3+HsqxjI0="
    },
    "is-stream": {
      "version": "1.1.0",
      "resolved": "https://registry.npmjs.org/is-stream/-/is-stream-1.1.0.tgz",
      "integrity": "sha1-EtSj3U5o4Lec6428hBc66A2RykQ="
    },
    "jQuery": {
      "version": "1.7.4",
      "resolved": "https://registry.npmjs.org/jQuery/-/jQuery-1.7.4.tgz",
      "integrity": "sha1-8y3FyFpwRO6GS0RDue5F+UeLoTc="
    },
    "lodash-es": {
      "version": "4.17.4",
      "resolved": "https://registry.npmjs.org/lodash-es/-/lodash-es-4.17.4.tgz",
      "integrity": "sha1-3MHXVS4VCgZABzupyzHXDwMpUOc="
    },
    "node-fetch": {
      "version": "1.6.3",
      "resolved": "https://registry.npmjs.org/node-fetch/-/node-fetch-1.6.3.tgz",
      "integrity": "sha1-3CNO3WSJmC1Y6PDbT2lQKavNjAQ=",
      "requires": {
        "encoding": "^0.1.11",
        "is-stream": "^1.0.1"
      }
    },
    "object-assign": {
      "version": "4.1.1",
      "resolved": "https://registry.npmjs.org/object-assign/-/object-assign-4.1.1.tgz",
      "integrity": "sha1-IQmtx5ZYh8/AXLvUQsrIv7s2CGM="
    },
    "optimist": {
      "version": "0.3.7",
      "resolved": "https://registry.npmjs.org/optimist/-/optimist-0.3.7.tgz",
      "integrity": "sha1-yQlBrVnkJzMokjB00s8ufLxuwNk=",
      "requires": {
        "wordwrap": "~0.0.2"
      }
    },
    "original": {
      "version": "1.0.0",
      "resolved": "https://registry.npmjs.org/original/-/original-1.0.0.tgz",
      "integrity": "sha1-kUf5P6FpbQS+YeAb1QuurKZWvTs=",
      "requires": {
        "url-parse": "1.0.x"
      }
    },
    "querystringify": {
      "version": "0.0.4",
      "resolved": "https://registry.npmjs.org/querystringify/-/querystringify-0.0.4.tgz",
      "integrity": "sha1-DPf4T5Rj/wrlHExLFC2VvjdyTZw="
    },
    "require": {
      "version": "2.4.20",
      "resolved": "https://registry.npmjs.org/require/-/require-2.4.20.tgz",
      "integrity": "sha1-Zstrqqu2XeinHXk/XGX9GE83mLY=",
      "requires": {
        "std": "0.1.40",
        "uglify-js": "2.3.0"
      }
    },
    "require.js": {
      "version": "1.0.0",
      "resolved": "https://registry.npmjs.org/require.js/-/require.js-1.0.0.tgz",
      "integrity": "sha1-cfoyczZq9EJ7AmWiGL5eYu1PkMg="
    },
    "requires-port": {
      "version": "1.0.0",
      "resolved": "https://registry.npmjs.org/requires-port/-/requires-port-1.0.0.tgz",
      "integrity": "sha1-kl0mAdOaxIXgkc8NpcbmlNw9yv8="
    },
    "servicestack-client": {
      "version": "0.0.35",
      "resolved": "https://registry.npmjs.org/servicestack-client/-/servicestack-client-0.0.35.tgz",
      "integrity": "sha1-EPmSq88Xh6w1Ps3SjDMW5khBgrg=",
      "requires": {
        "es6-shim": "^0.35.3",
        "eventsource": "^0.2.2",
        "fetch-everywhere": "^1.0.5"
      }
    },
    "source-map": {
      "version": "0.1.43",
      "resolved": "https://registry.npmjs.org/source-map/-/source-map-0.1.43.tgz",
      "integrity": "sha1-wkvBRspRfBRx9drL4lcbK3+eM0Y=",
      "requires": {
        "amdefine": ">=0.0.4"
      }
    },
    "std": {
      "version": "0.1.40",
      "resolved": "https://registry.npmjs.org/std/-/std-0.1.40.tgz",
      "integrity": "sha1-Nnil9lCU2eG2teJu2/wCErg0K3E="
    },
    "thread-pool": {
      "version": "0.0.1",
      "resolved": "https://registry.npmjs.org/thread-pool/-/thread-pool-0.0.1.tgz",
      "integrity": "sha1-2o+OJ9LLj3LhQdgzjOO2SirET4Q="
    },
    "typescript": {
      "version": "2.3.2",
      "resolved": "https://registry.npmjs.org/typescript/-/typescript-2.3.2.tgz",
      "integrity": "sha1-8PBF4Zb2mnLwayX9O9OdAcPOmYQ="
    },
    "typescript-collections": {
      "version": "1.2.5",
      "resolved": "https://registry.npmjs.org/typescript-collections/-/typescript-collections-1.2.5.tgz",
      "integrity": "sha512-883q9lMiC5J2HDIDXZEQwzA49RsthNxkf/q30qdUtBBGlmSPmNjDjctliVteTjkVcABB4pRxFUXbmXoMcPZJAA=="
    },
    "uglify-js": {
      "version": "2.3.0",
      "resolved": "https://registry.npmjs.org/uglify-js/-/uglify-js-2.3.0.tgz",
      "integrity": "sha1-LN7BbTeKiituz7aYl4TPi3rlSR8=",
      "requires": {
        "async": "~0.2.6",
        "optimist": "~0.3.5",
        "source-map": "~0.1.7"
      }
    },
    "underscore": {
      "version": "1.8.3",
      "resolved": "https://registry.npmjs.org/underscore/-/underscore-1.8.3.tgz",
      "integrity": "sha1-Tz+1OxBuYJf8+ctBCfKl6b36UCI="
    },
    "url-parse": {
      "version": "1.0.5",
      "resolved": "https://registry.npmjs.org/url-parse/-/url-parse-1.0.5.tgz",
      "integrity": "sha1-CFSGBCKv3P7+tsllxmLUgAFpkns=",
      "requires": {
        "querystringify": "0.0.x",
        "requires-port": "1.0.x"
      }
    },
    "weak-map": {
      "version": "1.0.0",
      "resolved": "https://registry.npmjs.org/weak-map/-/weak-map-1.0.0.tgz",
      "integrity": "sha1-tm5Wqd8L0lp2u/G1FNsSkIBhSjc="
    },
    "webpack-config-file": {
      "version": "1.0.5",
      "resolved": "https://registry.npmjs.org/webpack-config-file/-/webpack-config-file-1.0.5.tgz",
      "integrity": "sha1-UCnq5BYIcHXiK1SmnWZZqUNY+Jg=",
      "requires": {
        "coffee-script": "^1.11.1"
      }
    },
    "whatwg-fetch": {
      "version": "2.0.3",
      "resolved": "https://registry.npmjs.org/whatwg-fetch/-/whatwg-fetch-2.0.3.tgz",
      "integrity": "sha1-nITsLc9oGH/wC8ZOEnS0QhduHIQ="
    },
    "wordwrap": {
      "version": "0.0.3",
      "resolved": "https://registry.npmjs.org/wordwrap/-/wordwrap-0.0.3.tgz",
      "integrity": "sha1-o9XabNXAvAAI03I0u68b7WMFkQc="
    }
  }
}
